
Microsoft Visual Studio Solution File, Format Version 12.00
# Visual Studio Version 17
VisualStudioVersion = 17.9.34607.119
MinimumVisualStudioVersion = 10.0.40219.1
Project("{FAE04EC0-301F-11D3-BF4B-00C04F79EFBC}") = "VendasDosVendedores", "VendasDosVendedores\VendasDosVendedores.csproj", "{D95C60C8-EB3B-40B0-A6C5-FFD67A182778}"
EndProject
Global
	GlobalSection(SolutionConfigurationPlatforms) = preSolution
		Debug|Any CPU = Debug|Any CPU
		Release|Any CPU = Release|Any CPU
	EndGlobalSection
	GlobalSection(ProjectConfigurationPlatforms) = postSolution
		{D95C60C8-EB3B-40B0-A6C5-FFD67A182778}.Debug|Any CPU.ActiveCfg = Debug|Any CPU
		{D95C60C8-EB3B-40B0-A6C5-FFD67A182778}.Debug|Any CPU.Build.0 = Debug|Any CPU
		{D95C60C8-EB3B-40B0-A6C5-FFD67A182778}.Release|Any CPU.ActiveCfg = Release|Any CPU
		{D95C60C8-EB3B-40B0-A6C5-FFD67A182778}.Release|Any CPU.Build.0 = Release|Any CPU
	EndGlobalSection
	GlobalSection(SolutionProperties) = preSolution
		HideSolutionNode = FALSE
	EndGlobalSection
	GlobalSection(ExtensibilityGlobals) = postSolution
		SolutionGuid = {55DC1652-65C3-4898-83E2-061A74A571AD}
	EndGlobalSection
EndGlobal
